
Microsoft Visual Studio Solution File, Format Version 12.00
# Visual Studio Version 17
VisualStudioVersion = 17.4.33403.182
MinimumVisualStudioVersion = 10.0.40219.1
Project("{FAE04EC0-301F-11D3-BF4B-00C04F79EFBC}") = "Domain", "Domain\Domain.csproj", "{868A9DD6-F086-490A-BCD6-4D908D6EE265}"
EndProject
Project("{FAE04EC0-301F-11D3-BF4B-00C04F79EFBC}") = "Application", "Application\Application.csproj", "{337C252F-85B4-4AE6-95E0-F4ED7CACBDFA}"
EndProject
Project("{FAE04EC0-301F-11D3-BF4B-00C04F79EFBC}") = "Infrastructure", "Infrastructure\Infrastructure.csproj", "{6B87605C-40BB-4361-9377-1282F631A431}"
EndProject
Project("{FAE04EC0-301F-11D3-BF4B-00C04F79EFBC}") = "WebApplication", "WebApplication\WebApplication.csproj", "{9A3F651F-90AC-4108-AC55-8CFCDAEBE09B}"
EndProject
Global
	GlobalSection(SolutionConfigurationPlatforms) = preSolution
		Debug|Any CPU = Debug|Any CPU
		Release|Any CPU = Release|Any CPU
	EndGlobalSection
	GlobalSection(ProjectConfigurationPlatforms) = postSolution
		{868A9DD6-F086-490A-BCD6-4D908D6EE265}.Debug|Any CPU.ActiveCfg = Debug|Any CPU
		{868A9DD6-F086-490A-BCD6-4D908D6EE265}.Debug|Any CPU.Build.0 = Debug|Any CPU
		{868A9DD6-F086-490A-BCD6-4D908D6EE265}.Release|Any CPU.ActiveCfg = Release|Any CPU
		{868A9DD6-F086-490A-BCD6-4D908D6EE265}.Release|Any CPU.Build.0 = Release|Any CPU
		{337C252F-85B4-4AE6-95E0-F4ED7CACBDFA}.Debug|Any CPU.ActiveCfg = Debug|Any CPU
		{337C252F-85B4-4AE6-95E0-F4ED7CACBDFA}.Debug|Any CPU.Build.0 = Debug|Any CPU
		{337C252F-85B4-4AE6-95E0-F4ED7CACBDFA}.Release|Any CPU.ActiveCfg = Release|Any CPU
		{337C252F-85B4-4AE6-95E0-F4ED7CACBDFA}.Release|Any CPU.Build.0 = Release|Any CPU
		{6B87605C-40BB-4361-9377-1282F631A431}.Debug|Any CPU.ActiveCfg = Debug|Any CPU
		{6B87605C-40BB-4361-9377-1282F631A431}.Debug|Any CPU.Build.0 = Debug|Any CPU
		{6B87605C-40BB-4361-9377-1282F631A431}.Release|Any CPU.ActiveCfg = Release|Any CPU
		{6B87605C-40BB-4361-9377-1282F631A431}.Release|Any CPU.Build.0 = Release|Any CPU
		{9A3F651F-90AC-4108-AC55-8CFCDAEBE09B}.Debug|Any CPU.ActiveCfg = Debug|Any CPU
		{9A3F651F-90AC-4108-AC55-8CFCDAEBE09B}.Debug|Any CPU.Build.0 = Debug|Any CPU
		{9A3F651F-90AC-4108-AC55-8CFCDAEBE09B}.Release|Any CPU.ActiveCfg = Release|Any CPU
		{9A3F651F-90AC-4108-AC55-8CFCDAEBE09B}.Release|Any CPU.Build.0 = Release|Any CPU
	EndGlobalSection
	GlobalSection(SolutionProperties) = preSolution
		HideSolutionNode = FALSE
	EndGlobalSection
	GlobalSection(ExtensibilityGlobals) = postSolution
		SolutionGuid = {437CB557-CD78-4BA7-AB86-9FF95D2EF6A2}
	EndGlobalSection
EndGlobal
